
Microsoft Visual Studio Solution File, Format Version 12.00
Project("{FAE04EC0-301F-11D3-BF4B-00C04F79EFBC}") = "ConsoleApp", "ConsoleApp\ConsoleApp.csproj", "{B6099223-C68D-4097-BA32-BDE85F489D65}"
EndProject
Project("{FAE04EC0-301F-11D3-BF4B-00C04F79EFBC}") = "MenuSystem", "MenuSystem\MenuSystem.csproj", "{52C11AF4-B347-4B71-845E-96D82C2B08B4}"
EndProject
Project("{FAE04EC0-301F-11D3-BF4B-00C04F79EFBC}") = "GameBrain", "GameBrain\GameBrain.csproj", "{2439D643-4BD1-4621-9026-429A8A01275D}"
EndProject
Project("{FAE04EC0-301F-11D3-BF4B-00C04F79EFBC}") = "ConsoleUI", "ConsoleUI\ConsoleUI.csproj", "{FF401F12-20FB-43F3-8E23-E03D4EDC556F}"
EndProject
Project("{FAE04EC0-301F-11D3-BF4B-00C04F79EFBC}") = "DAL", "DAL\DAL.csproj", "{C7B25CD4-BF49-4DE2-A6DE-FA0AEADCD23C}"
EndProject
Project("{FAE04EC0-301F-11D3-BF4B-00C04F79EFBC}") = "Domain", "Domain\Domain.csproj", "{1A7EE8CD-AF08-4DB9-8BF1-047FC62435A9}"
EndProject
Project("{FAE04EC0-301F-11D3-BF4B-00C04F79EFBC}") = "WebApp", "WebApp\WebApp.csproj", "{4A8DDA4D-F68F-4137-92F3-6D43E750CD23}"
EndProject
Global
	GlobalSection(SolutionConfigurationPlatforms) = preSolution
		Debug|Any CPU = Debug|Any CPU
		Release|Any CPU = Release|Any CPU
	EndGlobalSection
	GlobalSection(ProjectConfigurationPlatforms) = postSolution
		{B6099223-C68D-4097-BA32-BDE85F489D65}.Debug|Any CPU.ActiveCfg = Debug|Any CPU
		{B6099223-C68D-4097-BA32-BDE85F489D65}.Debug|Any CPU.Build.0 = Debug|Any CPU
		{B6099223-C68D-4097-BA32-BDE85F489D65}.Release|Any CPU.ActiveCfg = Release|Any CPU
		{B6099223-C68D-4097-BA32-BDE85F489D65}.Release|Any CPU.Build.0 = Release|Any CPU
		{52C11AF4-B347-4B71-845E-96D82C2B08B4}.Debug|Any CPU.ActiveCfg = Debug|Any CPU
		{52C11AF4-B347-4B71-845E-96D82C2B08B4}.Debug|Any CPU.Build.0 = Debug|Any CPU
		{52C11AF4-B347-4B71-845E-96D82C2B08B4}.Release|Any CPU.ActiveCfg = Release|Any CPU
		{52C11AF4-B347-4B71-845E-96D82C2B08B4}.Release|Any CPU.Build.0 = Release|Any CPU
		{2439D643-4BD1-4621-9026-429A8A01275D}.Debug|Any CPU.ActiveCfg = Debug|Any CPU
		{2439D643-4BD1-4621-9026-429A8A01275D}.Debug|Any CPU.Build.0 = Debug|Any CPU
		{2439D643-4BD1-4621-9026-429A8A01275D}.Release|Any CPU.ActiveCfg = Release|Any CPU
		{2439D643-4BD1-4621-9026-429A8A01275D}.Release|Any CPU.Build.0 = Release|Any CPU
		{FF401F12-20FB-43F3-8E23-E03D4EDC556F}.Debug|Any CPU.ActiveCfg = Debug|Any CPU
		{FF401F12-20FB-43F3-8E23-E03D4EDC556F}.Debug|Any CPU.Build.0 = Debug|Any CPU
		{FF401F12-20FB-43F3-8E23-E03D4EDC556F}.Release|Any CPU.ActiveCfg = Release|Any CPU
		{FF401F12-20FB-43F3-8E23-E03D4EDC556F}.Release|Any CPU.Build.0 = Release|Any CPU
		{C7B25CD4-BF49-4DE2-A6DE-FA0AEADCD23C}.Debug|Any CPU.ActiveCfg = Debug|Any CPU
		{C7B25CD4-BF49-4DE2-A6DE-FA0AEADCD23C}.Debug|Any CPU.Build.0 = Debug|Any CPU
		{C7B25CD4-BF49-4DE2-A6DE-FA0AEADCD23C}.Release|Any CPU.ActiveCfg = Release|Any CPU
		{C7B25CD4-BF49-4DE2-A6DE-FA0AEADCD23C}.Release|Any CPU.Build.0 = Release|Any CPU
		{1A7EE8CD-AF08-4DB9-8BF1-047FC62435A9}.Debug|Any CPU.ActiveCfg = Debug|Any CPU
		{1A7EE8CD-AF08-4DB9-8BF1-047FC62435A9}.Debug|Any CPU.Build.0 = Debug|Any CPU
		{1A7EE8CD-AF08-4DB9-8BF1-047FC62435A9}.Release|Any CPU.ActiveCfg = Release|Any CPU
		{1A7EE8CD-AF08-4DB9-8BF1-047FC62435A9}.Release|Any CPU.Build.0 = Release|Any CPU
		{4A8DDA4D-F68F-4137-92F3-6D43E750CD23}.Debug|Any CPU.ActiveCfg = Debug|Any CPU
		{4A8DDA4D-F68F-4137-92F3-6D43E750CD23}.Debug|Any CPU.Build.0 = Debug|Any CPU
		{4A8DDA4D-F68F-4137-92F3-6D43E750CD23}.Release|Any CPU.ActiveCfg = Release|Any CPU
		{4A8DDA4D-F68F-4137-92F3-6D43E750CD23}.Release|Any CPU.Build.0 = Release|Any CPU
	EndGlobalSection
EndGlobal
